
Microsoft Visual Studio Solution File, Format Version 12.00
# Visual Studio Version 17
VisualStudioVersion = 17.3.32804.467
MinimumVisualStudioVersion = 10.0.40219.1
Project("{FAE04EC0-301F-11D3-BF4B-00C04F79EFBC}") = "WebApp_OOPConcepts_Practice", "WebApp_OOPConcepts_Practice\WebApp_OOPConcepts_Practice.csproj", "{6B2AD93E-EB1B-4C4E-B239-171FBB3C293D}"
EndProject
Global
	GlobalSection(SolutionConfigurationPlatforms) = preSolution
		Debug|Any CPU = Debug|Any CPU
		Release|Any CPU = Release|Any CPU
	EndGlobalSection
	GlobalSection(ProjectConfigurationPlatforms) = postSolution
		{6B2AD93E-EB1B-4C4E-B239-171FBB3C293D}.Debug|Any CPU.ActiveCfg = Debug|Any CPU
		{6B2AD93E-EB1B-4C4E-B239-171FBB3C293D}.Debug|Any CPU.Build.0 = Debug|Any CPU
		{6B2AD93E-EB1B-4C4E-B239-171FBB3C293D}.Release|Any CPU.ActiveCfg = Release|Any CPU
		{6B2AD93E-EB1B-4C4E-B239-171FBB3C293D}.Release|Any CPU.Build.0 = Release|Any CPU
	EndGlobalSection
	GlobalSection(SolutionProperties) = preSolution
		HideSolutionNode = FALSE
	EndGlobalSection
	GlobalSection(ExtensibilityGlobals) = postSolution
		SolutionGuid = {7F83E8FB-5F72-490F-B408-E5127A47C268}
	EndGlobalSection
EndGlobal
